
Microsoft Visual Studio Solution File, Format Version 12.00
# Visual Studio Version 17
VisualStudioVersion = 17.0.31903.59
MinimumVisualStudioVersion = 10.0.40219.1
Project("{2150E333-8FDC-42A3-9474-1A3956D46DE8}") = "src", "src", "{7C1C359D-75E0-46EC-B471-F6D5D5FCB20C}"
	ProjectSection(SolutionItems) = preProject
		Directory.Build.props = Directory.Build.props
	EndProjectSection
EndProject
Project("{2150E333-8FDC-42A3-9474-1A3956D46DE8}") = "Domain Layer", "Domain Layer", "{291BD00A-8591-49E0-9653-C886A1F0149F}"
EndProject
Project("{2150E333-8FDC-42A3-9474-1A3956D46DE8}") = "Application Layer", "Application Layer", "{2541E229-BCF5-4A62-AA85-203092A3E130}"
EndProject
Project("{2150E333-8FDC-42A3-9474-1A3956D46DE8}") = "Interface Adapter Layer", "Interface Adapter Layer", "{931657A8-F27C-4DEF-8CB3-F3F3C0A58DB4}"
EndProject
Project("{2150E333-8FDC-42A3-9474-1A3956D46DE8}") = "test", "test", "{6DD38477-AD9E-494C-93ED-03F088E825A9}"
EndProject
Project("{9A19103F-16F7-4668-BE54-9A1E7A4F7556}") = "Wsa.Gaas.Werewolf.Application", "BackEnd\src\Application\Wsa.Gaas.Werewolf.Application.csproj", "{C721992F-43F8-4C3B-A8EE-99FDCECC68FC}"
EndProject
Project("{9A19103F-16F7-4668-BE54-9A1E7A4F7556}") = "Wsa.Gaas.Werewolf.Domain", "BackEnd\src\Domain\Wsa.Gaas.Werewolf.Domain.csproj", "{5A713E49-71B7-4C21-A5A2-7EC30572F744}"
EndProject
Project("{9A19103F-16F7-4668-BE54-9A1E7A4F7556}") = "Wsa.Gaas.Werewolf.EntityFrameworkCore", "BackEnd\src\InterfaceAdapter\EntityFrameworkCore\Wsa.Gaas.Werewolf.EntityFrameworkCore.csproj", "{3466D2F2-6351-44FE-8F3B-32F03626767E}"
EndProject
Project("{9A19103F-16F7-4668-BE54-9A1E7A4F7556}") = "Wsa.Gaas.Werewolf.WebApi", "BackEnd\src\InterfaceAdapter\WebApi\Wsa.Gaas.Werewolf.WebApi.csproj", "{86F5F3FE-8079-4A22-ACBD-87E22C194116}"
EndProject
Project("{9A19103F-16F7-4668-BE54-9A1E7A4F7556}") = "Wsa.Gaas.Werewolf.WebApiTests", "BackEnd\test\WebApiTests\Wsa.Gaas.Werewolf.WebApiTests.csproj", "{8346ED79-E380-451A-8AD4-002C18875E95}"
EndProject
Global
	GlobalSection(SolutionConfigurationPlatforms) = preSolution
		Debug|Any CPU = Debug|Any CPU
		Release|Any CPU = Release|Any CPU
	EndGlobalSection
	GlobalSection(ProjectConfigurationPlatforms) = postSolution
		{C721992F-43F8-4C3B-A8EE-99FDCECC68FC}.Debug|Any CPU.ActiveCfg = Debug|Any CPU
		{C721992F-43F8-4C3B-A8EE-99FDCECC68FC}.Debug|Any CPU.Build.0 = Debug|Any CPU
		{C721992F-43F8-4C3B-A8EE-99FDCECC68FC}.Release|Any CPU.ActiveCfg = Release|Any CPU
		{C721992F-43F8-4C3B-A8EE-99FDCECC68FC}.Release|Any CPU.Build.0 = Release|Any CPU
		{5A713E49-71B7-4C21-A5A2-7EC30572F744}.Debug|Any CPU.ActiveCfg = Debug|Any CPU
		{5A713E49-71B7-4C21-A5A2-7EC30572F744}.Debug|Any CPU.Build.0 = Debug|Any CPU
		{5A713E49-71B7-4C21-A5A2-7EC30572F744}.Release|Any CPU.ActiveCfg = Release|Any CPU
		{5A713E49-71B7-4C21-A5A2-7EC30572F744}.Release|Any CPU.Build.0 = Release|Any CPU
		{3466D2F2-6351-44FE-8F3B-32F03626767E}.Debug|Any CPU.ActiveCfg = Debug|Any CPU
		{3466D2F2-6351-44FE-8F3B-32F03626767E}.Debug|Any CPU.Build.0 = Debug|Any CPU
		{3466D2F2-6351-44FE-8F3B-32F03626767E}.Release|Any CPU.ActiveCfg = Release|Any CPU
		{3466D2F2-6351-44FE-8F3B-32F03626767E}.Release|Any CPU.Build.0 = Release|Any CPU
		{86F5F3FE-8079-4A22-ACBD-87E22C194116}.Debug|Any CPU.ActiveCfg = Debug|Any CPU
		{86F5F3FE-8079-4A22-ACBD-87E22C194116}.Debug|Any CPU.Build.0 = Debug|Any CPU
		{86F5F3FE-8079-4A22-ACBD-87E22C194116}.Release|Any CPU.ActiveCfg = Release|Any CPU
		{86F5F3FE-8079-4A22-ACBD-87E22C194116}.Release|Any CPU.Build.0 = Release|Any CPU
		{8346ED79-E380-451A-8AD4-002C18875E95}.Debug|Any CPU.ActiveCfg = Debug|Any CPU
		{8346ED79-E380-451A-8AD4-002C18875E95}.Debug|Any CPU.Build.0 = Debug|Any CPU
		{8346ED79-E380-451A-8AD4-002C18875E95}.Release|Any CPU.ActiveCfg = Release|Any CPU
		{8346ED79-E380-451A-8AD4-002C18875E95}.Release|Any CPU.Build.0 = Release|Any CPU
	EndGlobalSection
	GlobalSection(SolutionProperties) = preSolution
		HideSolutionNode = FALSE
	EndGlobalSection
	GlobalSection(NestedProjects) = preSolution
		{291BD00A-8591-49E0-9653-C886A1F0149F} = {7C1C359D-75E0-46EC-B471-F6D5D5FCB20C}
		{2541E229-BCF5-4A62-AA85-203092A3E130} = {7C1C359D-75E0-46EC-B471-F6D5D5FCB20C}
		{931657A8-F27C-4DEF-8CB3-F3F3C0A58DB4} = {7C1C359D-75E0-46EC-B471-F6D5D5FCB20C}
		{C721992F-43F8-4C3B-A8EE-99FDCECC68FC} = {2541E229-BCF5-4A62-AA85-203092A3E130}
		{5A713E49-71B7-4C21-A5A2-7EC30572F744} = {291BD00A-8591-49E0-9653-C886A1F0149F}
		{3466D2F2-6351-44FE-8F3B-32F03626767E} = {931657A8-F27C-4DEF-8CB3-F3F3C0A58DB4}
		{86F5F3FE-8079-4A22-ACBD-87E22C194116} = {931657A8-F27C-4DEF-8CB3-F3F3C0A58DB4}
		{8346ED79-E380-451A-8AD4-002C18875E95} = {6DD38477-AD9E-494C-93ED-03F088E825A9}
	EndGlobalSection
	GlobalSection(ExtensibilityGlobals) = postSolution
		SolutionGuid = {33B3EEBE-2969-407B-9B47-3269738B8633}
	EndGlobalSection
EndGlobal
