
Microsoft Visual Studio Solution File, Format Version 12.00
# Visual Studio Version 17
VisualStudioVersion = 17.0.31903.59
MinimumVisualStudioVersion = 10.0.40219.1
Project("{2150E333-8FDC-42A3-9474-1A3956D46DE8}") = "src", "src", "{7C1C359D-75E0-46EC-B471-F6D5D5FCB20C}"
EndProject
Project("{2150E333-8FDC-42A3-9474-1A3956D46DE8}") = "Domain Layer", "Domain Layer", "{291BD00A-8591-49E0-9653-C886A1F0149F}"
EndProject
Project("{2150E333-8FDC-42A3-9474-1A3956D46DE8}") = "Application Layer", "Application Layer", "{2541E229-BCF5-4A62-AA85-203092A3E130}"
EndProject
Project("{2150E333-8FDC-42A3-9474-1A3956D46DE8}") = "Interface Adapter Layer", "Interface Adapter Layer", "{931657A8-F27C-4DEF-8CB3-F3F3C0A58DB4}"
EndProject
Project("{2150E333-8FDC-42A3-9474-1A3956D46DE8}") = "test", "test", "{6DD38477-AD9E-494C-93ED-03F088E825A9}"
EndProject
Project("{9A19103F-16F7-4668-BE54-9A1E7A4F7556}") = "Wsa.Gaas.Werewolf.Domain", "BackEnd\Domain\Wsa.Gaas.Werewolf.Domain.csproj", "{3623E1B0-DF15-4F1E-9D18-1581B0CFD0B4}"
EndProject
Project("{9A19103F-16F7-4668-BE54-9A1E7A4F7556}") = "Was.Gaas.Werewolf.Application", "BackEnd\Application\Was.Gaas.Werewolf.Application.csproj", "{1808BBFF-E74F-43FE-A4CF-09394DE599D8}"
EndProject
Project("{9A19103F-16F7-4668-BE54-9A1E7A4F7556}") = "Wsa.Gaas.Werewolf.WebApi", "BackEnd\InterfaceAdapter\WebApi\Wsa.Gaas.Werewolf.WebApi.csproj", "{3774F56A-B0DB-430D-9721-22595971BC08}"
EndProject
Project("{9A19103F-16F7-4668-BE54-9A1E7A4F7556}") = "Wsa.Gaas.Werewolf.EntityFrameworkCore", "BackEnd\InterfaceAdapter\EntityFrameworkCore\Wsa.Gaas.Werewolf.EntityFrameworkCore.csproj", "{9786F336-8792-4CD9-A154-1A8214E156ED}"
EndProject
Project("{9A19103F-16F7-4668-BE54-9A1E7A4F7556}") = "Wsa.Gaas.Werewolf.WebApiTests", "..\test\WebApiTests\Wsa.Gaas.Werewolf.WebApiTests.csproj", "{182EBE0F-D8A3-4D13-A36A-2A2EDAE7E6A8}"
EndProject
Project("{9A19103F-16F7-4668-BE54-9A1E7A4F7556}") = "Wsa.Gaas.Werewolf.DomainTests", "..\test\DomainTests\Wsa.Gaas.Werewolf.DomainTests.csproj", "{27DBA189-26D4-4F87-A050-8E559A1E4D32}"
EndProject
Project("{9A19103F-16F7-4668-BE54-9A1E7A4F7556}") = "Wsa.Gaas.Werewolf.ApplicationTests", "..\test\ApplicationTests\Wsa.Gaas.Werewolf.ApplicationTests.csproj", "{B6E1E164-307C-4EFD-BB69-41CCA007A5D5}"
EndProject
Project("{9A19103F-16F7-4668-BE54-9A1E7A4F7556}") = "Wsa.Gaas.Werewolf.EntityFrameworkCoreTests", "..\test\EntityFrameworkCoreTests\Wsa.Gaas.Werewolf.EntityFrameworkCoreTests.csproj", "{C63A4FD2-7C28-400E-A556-6090D332C2A3}"
EndProject
Global
	GlobalSection(SolutionConfigurationPlatforms) = preSolution
		Debug|Any CPU = Debug|Any CPU
		Release|Any CPU = Release|Any CPU
	EndGlobalSection
	GlobalSection(ProjectConfigurationPlatforms) = postSolution
		{3623E1B0-DF15-4F1E-9D18-1581B0CFD0B4}.Debug|Any CPU.ActiveCfg = Debug|Any CPU
		{3623E1B0-DF15-4F1E-9D18-1581B0CFD0B4}.Debug|Any CPU.Build.0 = Debug|Any CPU
		{3623E1B0-DF15-4F1E-9D18-1581B0CFD0B4}.Release|Any CPU.ActiveCfg = Release|Any CPU
		{3623E1B0-DF15-4F1E-9D18-1581B0CFD0B4}.Release|Any CPU.Build.0 = Release|Any CPU
		{1808BBFF-E74F-43FE-A4CF-09394DE599D8}.Debug|Any CPU.ActiveCfg = Debug|Any CPU
		{1808BBFF-E74F-43FE-A4CF-09394DE599D8}.Debug|Any CPU.Build.0 = Debug|Any CPU
		{1808BBFF-E74F-43FE-A4CF-09394DE599D8}.Release|Any CPU.ActiveCfg = Release|Any CPU
		{1808BBFF-E74F-43FE-A4CF-09394DE599D8}.Release|Any CPU.Build.0 = Release|Any CPU
		{3774F56A-B0DB-430D-9721-22595971BC08}.Debug|Any CPU.ActiveCfg = Debug|Any CPU
		{3774F56A-B0DB-430D-9721-22595971BC08}.Debug|Any CPU.Build.0 = Debug|Any CPU
		{3774F56A-B0DB-430D-9721-22595971BC08}.Release|Any CPU.ActiveCfg = Release|Any CPU
		{3774F56A-B0DB-430D-9721-22595971BC08}.Release|Any CPU.Build.0 = Release|Any CPU
		{9786F336-8792-4CD9-A154-1A8214E156ED}.Debug|Any CPU.ActiveCfg = Debug|Any CPU
		{9786F336-8792-4CD9-A154-1A8214E156ED}.Debug|Any CPU.Build.0 = Debug|Any CPU
		{9786F336-8792-4CD9-A154-1A8214E156ED}.Release|Any CPU.ActiveCfg = Release|Any CPU
		{9786F336-8792-4CD9-A154-1A8214E156ED}.Release|Any CPU.Build.0 = Release|Any CPU
		{182EBE0F-D8A3-4D13-A36A-2A2EDAE7E6A8}.Debug|Any CPU.ActiveCfg = Debug|Any CPU
		{182EBE0F-D8A3-4D13-A36A-2A2EDAE7E6A8}.Debug|Any CPU.Build.0 = Debug|Any CPU
		{182EBE0F-D8A3-4D13-A36A-2A2EDAE7E6A8}.Release|Any CPU.ActiveCfg = Release|Any CPU
		{182EBE0F-D8A3-4D13-A36A-2A2EDAE7E6A8}.Release|Any CPU.Build.0 = Release|Any CPU
		{27DBA189-26D4-4F87-A050-8E559A1E4D32}.Debug|Any CPU.ActiveCfg = Debug|Any CPU
		{27DBA189-26D4-4F87-A050-8E559A1E4D32}.Debug|Any CPU.Build.0 = Debug|Any CPU
		{27DBA189-26D4-4F87-A050-8E559A1E4D32}.Release|Any CPU.ActiveCfg = Release|Any CPU
		{27DBA189-26D4-4F87-A050-8E559A1E4D32}.Release|Any CPU.Build.0 = Release|Any CPU
		{B6E1E164-307C-4EFD-BB69-41CCA007A5D5}.Debug|Any CPU.ActiveCfg = Debug|Any CPU
		{B6E1E164-307C-4EFD-BB69-41CCA007A5D5}.Debug|Any CPU.Build.0 = Debug|Any CPU
		{B6E1E164-307C-4EFD-BB69-41CCA007A5D5}.Release|Any CPU.ActiveCfg = Release|Any CPU
		{B6E1E164-307C-4EFD-BB69-41CCA007A5D5}.Release|Any CPU.Build.0 = Release|Any CPU
		{C63A4FD2-7C28-400E-A556-6090D332C2A3}.Debug|Any CPU.ActiveCfg = Debug|Any CPU
		{C63A4FD2-7C28-400E-A556-6090D332C2A3}.Debug|Any CPU.Build.0 = Debug|Any CPU
		{C63A4FD2-7C28-400E-A556-6090D332C2A3}.Release|Any CPU.ActiveCfg = Release|Any CPU
		{C63A4FD2-7C28-400E-A556-6090D332C2A3}.Release|Any CPU.Build.0 = Release|Any CPU
	EndGlobalSection
	GlobalSection(SolutionProperties) = preSolution
		HideSolutionNode = FALSE
	EndGlobalSection
	GlobalSection(NestedProjects) = preSolution
		{291BD00A-8591-49E0-9653-C886A1F0149F} = {7C1C359D-75E0-46EC-B471-F6D5D5FCB20C}
		{2541E229-BCF5-4A62-AA85-203092A3E130} = {7C1C359D-75E0-46EC-B471-F6D5D5FCB20C}
		{931657A8-F27C-4DEF-8CB3-F3F3C0A58DB4} = {7C1C359D-75E0-46EC-B471-F6D5D5FCB20C}
		{3623E1B0-DF15-4F1E-9D18-1581B0CFD0B4} = {291BD00A-8591-49E0-9653-C886A1F0149F}
		{1808BBFF-E74F-43FE-A4CF-09394DE599D8} = {2541E229-BCF5-4A62-AA85-203092A3E130}
		{3774F56A-B0DB-430D-9721-22595971BC08} = {931657A8-F27C-4DEF-8CB3-F3F3C0A58DB4}
		{9786F336-8792-4CD9-A154-1A8214E156ED} = {931657A8-F27C-4DEF-8CB3-F3F3C0A58DB4}
		{182EBE0F-D8A3-4D13-A36A-2A2EDAE7E6A8} = {6DD38477-AD9E-494C-93ED-03F088E825A9}
		{27DBA189-26D4-4F87-A050-8E559A1E4D32} = {6DD38477-AD9E-494C-93ED-03F088E825A9}
		{B6E1E164-307C-4EFD-BB69-41CCA007A5D5} = {6DD38477-AD9E-494C-93ED-03F088E825A9}
		{C63A4FD2-7C28-400E-A556-6090D332C2A3} = {6DD38477-AD9E-494C-93ED-03F088E825A9}
	EndGlobalSection
	GlobalSection(ExtensibilityGlobals) = postSolution
		SolutionGuid = {33B3EEBE-2969-407B-9B47-3269738B8633}
	EndGlobalSection
EndGlobal
