
Microsoft Visual Studio Solution File, Format Version 12.00
# Visual Studio Version 17
VisualStudioVersion = 17.0.31903.59
MinimumVisualStudioVersion = 10.0.40219.1
Project("{2150E333-8FDC-42A3-9474-1A3956D46DE8}") = "src", "src", "{7C1C359D-75E0-46EC-B471-F6D5D5FCB20C}"
EndProject
Project("{2150E333-8FDC-42A3-9474-1A3956D46DE8}") = "Domain Layer", "Domain Layer", "{291BD00A-8591-49E0-9653-C886A1F0149F}"
EndProject
Project("{9A19103F-16F7-4668-BE54-9A1E7A4F7556}") = "Wsa.Gaas.Werewolf.Domain", "Domain\Wsa.Gaas.Werewolf.Domain.csproj", "{9EBEAB03-7945-49E2-A07D-A94E5FAA2E40}"
EndProject
Project("{2150E333-8FDC-42A3-9474-1A3956D46DE8}") = "Application Layer", "Application Layer", "{2541E229-BCF5-4A62-AA85-203092A3E130}"
EndProject
Project("{9A19103F-16F7-4668-BE54-9A1E7A4F7556}") = "Was.Gaas.Werewolf.Application", "Application\Was.Gaas.Werewolf.Application.csproj", "{E6CC318C-A8E1-4F5F-82E1-5225FF94274E}"
EndProject
Project("{2150E333-8FDC-42A3-9474-1A3956D46DE8}") = "Framework Layer", "Framework Layer", "{931657A8-F27C-4DEF-8CB3-F3F3C0A58DB4}"
EndProject
Project("{2150E333-8FDC-42A3-9474-1A3956D46DE8}") = "test", "test", "{6DD38477-AD9E-494C-93ED-03F088E825A9}"
EndProject
Project("{9A19103F-16F7-4668-BE54-9A1E7A4F7556}") = "Wsa.Gaas.Werewolf.WebApi", "Framework\WebApi\Wsa.Gaas.Werewolf.WebApi.csproj", "{64C26BDE-2069-456F-AFDC-06ECE6224F3F}"
EndProject
Project("{9A19103F-16F7-4668-BE54-9A1E7A4F7556}") = "Wsa.Gaas.Werewolf.SqlServer", "Framework\SqlServer\Wsa.Gaas.Werewolf.SqlServer.csproj", "{92167DEE-4738-4AD9-8750-C9B2508A0D86}"
EndProject
Project("{9A19103F-16F7-4668-BE54-9A1E7A4F7556}") = "Wsa.Gaas.Werewolf.ApplicationTests", "..\test\ApplicationTests\Wsa.Gaas.Werewolf.ApplicationTests.csproj", "{69181D34-000C-46A5-87C3-71A5495F73E2}"
EndProject
Project("{9A19103F-16F7-4668-BE54-9A1E7A4F7556}") = "Wsa.Gaas.Werewolf.DomainTests", "..\test\DomainTests\Wsa.Gaas.Werewolf.DomainTests.csproj", "{8620F8DE-5944-4862-9E74-65B8AD86B244}"
EndProject
Project("{FAE04EC0-301F-11D3-BF4B-00C04F79EFBC}") = "Wsa.Gaas.Werewolf.WebApiTests", "..\test\WebApiTests\Wsa.Gaas.Werewolf.WebApiTests.csproj", "{F8AD96F7-403C-441F-8D54-3822FC29A13D}"
EndProject
Project("{FAE04EC0-301F-11D3-BF4B-00C04F79EFBC}") = "Wsa.Gaas.Werewolf.SqlServerTests", "..\test\SqlServerTests\Wsa.Gaas.Werewolf.SqlServerTests.csproj", "{183F8E2A-F60F-452E-B2D3-6425B7364B7B}"
EndProject
Project("{FAE04EC0-301F-11D3-BF4B-00C04F79EFBC}") = "Wsa.Gaas.Werewolf.DiscordBot", "Framework\DiscordBot\Wsa.Gaas.Werewolf.DiscordBot.csproj", "{6910EDC3-6FB5-44C1-9873-45D64A567657}"
EndProject
Project("{FAE04EC0-301F-11D3-BF4B-00C04F79EFBC}") = "Wsa.Gaas.Werewolf.DiscordBotTests", "..\test\DiscordBotTests\Wsa.Gaas.Werewolf.DiscordBotTests.csproj", "{230188E3-4859-48CE-B9EA-0259471AF031}"
EndProject
Project("{2150E333-8FDC-42A3-9474-1A3956D46DE8}") = "TDD", "TDD", "{63401B30-AC81-44E5-B5DF-3EFE4190ED7B}"
EndProject
Project("{2150E333-8FDC-42A3-9474-1A3956D46DE8}") = "ATDD", "ATDD", "{6C38FF7F-FBD6-40F3-A7F1-03E8A340011D}"
EndProject
Project("{FAE04EC0-301F-11D3-BF4B-00C04F79EFBC}") = "Wsa.Gaas.Werewolf.EndToEndTests", "..\test\EndToEndTests\Wsa.Gaas.Werewolf.EndToEndTests.csproj", "{2B1D59C0-236B-4782-B75F-CB3BABCE50B9}"
EndProject
Global
	GlobalSection(SolutionConfigurationPlatforms) = preSolution
		Debug|Any CPU = Debug|Any CPU
		Release|Any CPU = Release|Any CPU
	EndGlobalSection
	GlobalSection(ProjectConfigurationPlatforms) = postSolution
		{9EBEAB03-7945-49E2-A07D-A94E5FAA2E40}.Debug|Any CPU.ActiveCfg = Debug|Any CPU
		{9EBEAB03-7945-49E2-A07D-A94E5FAA2E40}.Debug|Any CPU.Build.0 = Debug|Any CPU
		{9EBEAB03-7945-49E2-A07D-A94E5FAA2E40}.Release|Any CPU.ActiveCfg = Release|Any CPU
		{9EBEAB03-7945-49E2-A07D-A94E5FAA2E40}.Release|Any CPU.Build.0 = Release|Any CPU
		{E6CC318C-A8E1-4F5F-82E1-5225FF94274E}.Debug|Any CPU.ActiveCfg = Debug|Any CPU
		{E6CC318C-A8E1-4F5F-82E1-5225FF94274E}.Debug|Any CPU.Build.0 = Debug|Any CPU
		{E6CC318C-A8E1-4F5F-82E1-5225FF94274E}.Release|Any CPU.ActiveCfg = Release|Any CPU
		{E6CC318C-A8E1-4F5F-82E1-5225FF94274E}.Release|Any CPU.Build.0 = Release|Any CPU
		{64C26BDE-2069-456F-AFDC-06ECE6224F3F}.Debug|Any CPU.ActiveCfg = Debug|Any CPU
		{64C26BDE-2069-456F-AFDC-06ECE6224F3F}.Debug|Any CPU.Build.0 = Debug|Any CPU
		{64C26BDE-2069-456F-AFDC-06ECE6224F3F}.Release|Any CPU.ActiveCfg = Release|Any CPU
		{64C26BDE-2069-456F-AFDC-06ECE6224F3F}.Release|Any CPU.Build.0 = Release|Any CPU
		{92167DEE-4738-4AD9-8750-C9B2508A0D86}.Debug|Any CPU.ActiveCfg = Debug|Any CPU
		{92167DEE-4738-4AD9-8750-C9B2508A0D86}.Debug|Any CPU.Build.0 = Debug|Any CPU
		{92167DEE-4738-4AD9-8750-C9B2508A0D86}.Release|Any CPU.ActiveCfg = Release|Any CPU
		{92167DEE-4738-4AD9-8750-C9B2508A0D86}.Release|Any CPU.Build.0 = Release|Any CPU
		{69181D34-000C-46A5-87C3-71A5495F73E2}.Debug|Any CPU.ActiveCfg = Debug|Any CPU
		{69181D34-000C-46A5-87C3-71A5495F73E2}.Debug|Any CPU.Build.0 = Debug|Any CPU
		{69181D34-000C-46A5-87C3-71A5495F73E2}.Release|Any CPU.ActiveCfg = Release|Any CPU
		{69181D34-000C-46A5-87C3-71A5495F73E2}.Release|Any CPU.Build.0 = Release|Any CPU
		{8620F8DE-5944-4862-9E74-65B8AD86B244}.Debug|Any CPU.ActiveCfg = Debug|Any CPU
		{8620F8DE-5944-4862-9E74-65B8AD86B244}.Debug|Any CPU.Build.0 = Debug|Any CPU
		{8620F8DE-5944-4862-9E74-65B8AD86B244}.Release|Any CPU.ActiveCfg = Release|Any CPU
		{8620F8DE-5944-4862-9E74-65B8AD86B244}.Release|Any CPU.Build.0 = Release|Any CPU
		{F8AD96F7-403C-441F-8D54-3822FC29A13D}.Debug|Any CPU.ActiveCfg = Debug|Any CPU
		{F8AD96F7-403C-441F-8D54-3822FC29A13D}.Debug|Any CPU.Build.0 = Debug|Any CPU
		{F8AD96F7-403C-441F-8D54-3822FC29A13D}.Release|Any CPU.ActiveCfg = Release|Any CPU
		{F8AD96F7-403C-441F-8D54-3822FC29A13D}.Release|Any CPU.Build.0 = Release|Any CPU
		{183F8E2A-F60F-452E-B2D3-6425B7364B7B}.Debug|Any CPU.ActiveCfg = Debug|Any CPU
		{183F8E2A-F60F-452E-B2D3-6425B7364B7B}.Debug|Any CPU.Build.0 = Debug|Any CPU
		{183F8E2A-F60F-452E-B2D3-6425B7364B7B}.Release|Any CPU.ActiveCfg = Release|Any CPU
		{183F8E2A-F60F-452E-B2D3-6425B7364B7B}.Release|Any CPU.Build.0 = Release|Any CPU
		{6910EDC3-6FB5-44C1-9873-45D64A567657}.Debug|Any CPU.ActiveCfg = Debug|Any CPU
		{6910EDC3-6FB5-44C1-9873-45D64A567657}.Debug|Any CPU.Build.0 = Debug|Any CPU
		{6910EDC3-6FB5-44C1-9873-45D64A567657}.Release|Any CPU.ActiveCfg = Release|Any CPU
		{6910EDC3-6FB5-44C1-9873-45D64A567657}.Release|Any CPU.Build.0 = Release|Any CPU
		{230188E3-4859-48CE-B9EA-0259471AF031}.Debug|Any CPU.ActiveCfg = Debug|Any CPU
		{230188E3-4859-48CE-B9EA-0259471AF031}.Debug|Any CPU.Build.0 = Debug|Any CPU
		{230188E3-4859-48CE-B9EA-0259471AF031}.Release|Any CPU.ActiveCfg = Release|Any CPU
		{230188E3-4859-48CE-B9EA-0259471AF031}.Release|Any CPU.Build.0 = Release|Any CPU
		{2B1D59C0-236B-4782-B75F-CB3BABCE50B9}.Debug|Any CPU.ActiveCfg = Debug|Any CPU
		{2B1D59C0-236B-4782-B75F-CB3BABCE50B9}.Debug|Any CPU.Build.0 = Debug|Any CPU
		{2B1D59C0-236B-4782-B75F-CB3BABCE50B9}.Release|Any CPU.ActiveCfg = Release|Any CPU
		{2B1D59C0-236B-4782-B75F-CB3BABCE50B9}.Release|Any CPU.Build.0 = Release|Any CPU
	EndGlobalSection
	GlobalSection(SolutionProperties) = preSolution
		HideSolutionNode = FALSE
	EndGlobalSection
	GlobalSection(NestedProjects) = preSolution
		{291BD00A-8591-49E0-9653-C886A1F0149F} = {7C1C359D-75E0-46EC-B471-F6D5D5FCB20C}
		{9EBEAB03-7945-49E2-A07D-A94E5FAA2E40} = {291BD00A-8591-49E0-9653-C886A1F0149F}
		{2541E229-BCF5-4A62-AA85-203092A3E130} = {7C1C359D-75E0-46EC-B471-F6D5D5FCB20C}
		{E6CC318C-A8E1-4F5F-82E1-5225FF94274E} = {2541E229-BCF5-4A62-AA85-203092A3E130}
		{931657A8-F27C-4DEF-8CB3-F3F3C0A58DB4} = {7C1C359D-75E0-46EC-B471-F6D5D5FCB20C}
		{64C26BDE-2069-456F-AFDC-06ECE6224F3F} = {931657A8-F27C-4DEF-8CB3-F3F3C0A58DB4}
		{92167DEE-4738-4AD9-8750-C9B2508A0D86} = {931657A8-F27C-4DEF-8CB3-F3F3C0A58DB4}
		{69181D34-000C-46A5-87C3-71A5495F73E2} = {63401B30-AC81-44E5-B5DF-3EFE4190ED7B}
		{8620F8DE-5944-4862-9E74-65B8AD86B244} = {63401B30-AC81-44E5-B5DF-3EFE4190ED7B}
		{F8AD96F7-403C-441F-8D54-3822FC29A13D} = {63401B30-AC81-44E5-B5DF-3EFE4190ED7B}
		{183F8E2A-F60F-452E-B2D3-6425B7364B7B} = {63401B30-AC81-44E5-B5DF-3EFE4190ED7B}
		{6910EDC3-6FB5-44C1-9873-45D64A567657} = {931657A8-F27C-4DEF-8CB3-F3F3C0A58DB4}
		{230188E3-4859-48CE-B9EA-0259471AF031} = {63401B30-AC81-44E5-B5DF-3EFE4190ED7B}
		{63401B30-AC81-44E5-B5DF-3EFE4190ED7B} = {6DD38477-AD9E-494C-93ED-03F088E825A9}
		{6C38FF7F-FBD6-40F3-A7F1-03E8A340011D} = {6DD38477-AD9E-494C-93ED-03F088E825A9}
		{2B1D59C0-236B-4782-B75F-CB3BABCE50B9} = {6C38FF7F-FBD6-40F3-A7F1-03E8A340011D}
	EndGlobalSection
	GlobalSection(ExtensibilityGlobals) = postSolution
		SolutionGuid = {33B3EEBE-2969-407B-9B47-3269738B8633}
	EndGlobalSection
EndGlobal
