
Microsoft Visual Studio Solution File, Format Version 12.00
# Visual Studio Version 17
VisualStudioVersion = 17.0.31903.59
MinimumVisualStudioVersion = 10.0.40219.1
Project("{2150E333-8FDC-42A3-9474-1A3956D46DE8}") = "src", "src", "{7C1C359D-75E0-46EC-B471-F6D5D5FCB20C}"
EndProject
Project("{2150E333-8FDC-42A3-9474-1A3956D46DE8}") = "Presentation", "Presentation", "{931657A8-F27C-4DEF-8CB3-F3F3C0A58DB4}"
EndProject
Project("{2150E333-8FDC-42A3-9474-1A3956D46DE8}") = "tests", "tests", "{6DD38477-AD9E-494C-93ED-03F088E825A9}"
EndProject
Project("{2150E333-8FDC-42A3-9474-1A3956D46DE8}") = "Core", "Core", "{603ACA9A-B816-4571-AE21-6A773D1AA1EB}"
EndProject
Project("{2150E333-8FDC-42A3-9474-1A3956D46DE8}") = "Infrastructure", "Infrastructure", "{AEA04D8A-32C1-4367-9845-8A3D0BD8B335}"
EndProject
Project("{9A19103F-16F7-4668-BE54-9A1E7A4F7556}") = "Wsa.Gaas.Werewolf.Domain", "BackEnd\src\Core\Domain\Wsa.Gaas.Werewolf.Domain.csproj", "{AE8FE8BD-DC01-4AAB-BE70-1F4443A1CA5E}"
EndProject
Project("{9A19103F-16F7-4668-BE54-9A1E7A4F7556}") = "Wsa.Gaas.Werewolf.Application", "BackEnd\src\Core\Application\Wsa.Gaas.Werewolf.Application.csproj", "{735D9944-0BF0-4DD3-B3CF-D28B2A5CED9B}"
EndProject
Project("{9A19103F-16F7-4668-BE54-9A1E7A4F7556}") = "Wsa.Gaas.Werewolf.SqlServer", "BackEnd\src\Infrastructure\SqlServer\Wsa.Gaas.Werewolf.SqlServer.csproj", "{492186A4-7E80-47CE-892B-347D035D0C03}"
EndProject
Project("{9A19103F-16F7-4668-BE54-9A1E7A4F7556}") = "Wsa.Gaas.Werewolf.WebApi", "BackEnd\src\Presentation\WebApi\Wsa.Gaas.Werewolf.WebApi.csproj", "{D0B7A647-A58B-44CD-9A18-5F5FE67A237E}"
EndProject
Project("{9A19103F-16F7-4668-BE54-9A1E7A4F7556}") = "Wsa.Gaas.Werewolf.WebApiTests", "BackEnd\tests\WebApiTests\Wsa.Gaas.Werewolf.WebApiTests.csproj", "{D440102E-1AF4-4AF7-BA81-9D634D8B71C7}"
EndProject
Global
	GlobalSection(SolutionConfigurationPlatforms) = preSolution
		Debug|Any CPU = Debug|Any CPU
		Release|Any CPU = Release|Any CPU
	EndGlobalSection
	GlobalSection(ProjectConfigurationPlatforms) = postSolution
		{AE8FE8BD-DC01-4AAB-BE70-1F4443A1CA5E}.Debug|Any CPU.ActiveCfg = Debug|Any CPU
		{AE8FE8BD-DC01-4AAB-BE70-1F4443A1CA5E}.Debug|Any CPU.Build.0 = Debug|Any CPU
		{AE8FE8BD-DC01-4AAB-BE70-1F4443A1CA5E}.Release|Any CPU.ActiveCfg = Release|Any CPU
		{AE8FE8BD-DC01-4AAB-BE70-1F4443A1CA5E}.Release|Any CPU.Build.0 = Release|Any CPU
		{735D9944-0BF0-4DD3-B3CF-D28B2A5CED9B}.Debug|Any CPU.ActiveCfg = Debug|Any CPU
		{735D9944-0BF0-4DD3-B3CF-D28B2A5CED9B}.Debug|Any CPU.Build.0 = Debug|Any CPU
		{735D9944-0BF0-4DD3-B3CF-D28B2A5CED9B}.Release|Any CPU.ActiveCfg = Release|Any CPU
		{735D9944-0BF0-4DD3-B3CF-D28B2A5CED9B}.Release|Any CPU.Build.0 = Release|Any CPU
		{492186A4-7E80-47CE-892B-347D035D0C03}.Debug|Any CPU.ActiveCfg = Debug|Any CPU
		{492186A4-7E80-47CE-892B-347D035D0C03}.Debug|Any CPU.Build.0 = Debug|Any CPU
		{492186A4-7E80-47CE-892B-347D035D0C03}.Release|Any CPU.ActiveCfg = Release|Any CPU
		{492186A4-7E80-47CE-892B-347D035D0C03}.Release|Any CPU.Build.0 = Release|Any CPU
		{D0B7A647-A58B-44CD-9A18-5F5FE67A237E}.Debug|Any CPU.ActiveCfg = Debug|Any CPU
		{D0B7A647-A58B-44CD-9A18-5F5FE67A237E}.Debug|Any CPU.Build.0 = Debug|Any CPU
		{D0B7A647-A58B-44CD-9A18-5F5FE67A237E}.Release|Any CPU.ActiveCfg = Release|Any CPU
		{D0B7A647-A58B-44CD-9A18-5F5FE67A237E}.Release|Any CPU.Build.0 = Release|Any CPU
		{D440102E-1AF4-4AF7-BA81-9D634D8B71C7}.Debug|Any CPU.ActiveCfg = Debug|Any CPU
		{D440102E-1AF4-4AF7-BA81-9D634D8B71C7}.Debug|Any CPU.Build.0 = Debug|Any CPU
		{D440102E-1AF4-4AF7-BA81-9D634D8B71C7}.Release|Any CPU.ActiveCfg = Release|Any CPU
		{D440102E-1AF4-4AF7-BA81-9D634D8B71C7}.Release|Any CPU.Build.0 = Release|Any CPU
	EndGlobalSection
	GlobalSection(SolutionProperties) = preSolution
		HideSolutionNode = FALSE
	EndGlobalSection
	GlobalSection(NestedProjects) = preSolution
		{931657A8-F27C-4DEF-8CB3-F3F3C0A58DB4} = {7C1C359D-75E0-46EC-B471-F6D5D5FCB20C}
		{603ACA9A-B816-4571-AE21-6A773D1AA1EB} = {7C1C359D-75E0-46EC-B471-F6D5D5FCB20C}
		{AEA04D8A-32C1-4367-9845-8A3D0BD8B335} = {7C1C359D-75E0-46EC-B471-F6D5D5FCB20C}
		{AE8FE8BD-DC01-4AAB-BE70-1F4443A1CA5E} = {603ACA9A-B816-4571-AE21-6A773D1AA1EB}
		{735D9944-0BF0-4DD3-B3CF-D28B2A5CED9B} = {603ACA9A-B816-4571-AE21-6A773D1AA1EB}
		{492186A4-7E80-47CE-892B-347D035D0C03} = {AEA04D8A-32C1-4367-9845-8A3D0BD8B335}
		{D0B7A647-A58B-44CD-9A18-5F5FE67A237E} = {931657A8-F27C-4DEF-8CB3-F3F3C0A58DB4}
		{D440102E-1AF4-4AF7-BA81-9D634D8B71C7} = {6DD38477-AD9E-494C-93ED-03F088E825A9}
	EndGlobalSection
	GlobalSection(ExtensibilityGlobals) = postSolution
		SolutionGuid = {33B3EEBE-2969-407B-9B47-3269738B8633}
	EndGlobalSection
EndGlobal
